
Microsoft Visual Studio Solution File, Format Version 12.00
# Visual Studio Version 16
VisualStudioVersion = 16.0.31129.286
MinimumVisualStudioVersion = 10.0.40219.1
Project("{FAE04EC0-301F-11D3-BF4B-00C04F79EFBC}") = "Calculator", "Calculator\Calculator.csproj", "{754488BE-4C6B-4451-B456-4740D079AFF2}"
EndProject
Global
	GlobalSection(SolutionConfigurationPlatforms) = preSolution
		Debug|Any CPU = Debug|Any CPU
		Release|Any CPU = Release|Any CPU
	EndGlobalSection
	GlobalSection(ProjectConfigurationPlatforms) = postSolution
		{754488BE-4C6B-4451-B456-4740D079AFF2}.Debug|Any CPU.ActiveCfg = Debug|Any CPU
		{754488BE-4C6B-4451-B456-4740D079AFF2}.Debug|Any CPU.Build.0 = Debug|Any CPU
		{754488BE-4C6B-4451-B456-4740D079AFF2}.Release|Any CPU.ActiveCfg = Release|Any CPU
		{754488BE-4C6B-4451-B456-4740D079AFF2}.Release|Any CPU.Build.0 = Release|Any CPU
	EndGlobalSection
	GlobalSection(SolutionProperties) = preSolution
		HideSolutionNode = FALSE
	EndGlobalSection
	GlobalSection(ExtensibilityGlobals) = postSolution
		SolutionGuid = {30D3C129-55E8-4E65-B655-418D680B7F19}
	EndGlobalSection
EndGlobal
